
Microsoft Visual Studio Solution File, Format Version 12.00
# Visual Studio 15
VisualStudioVersion = 15.0.27703.2000
MinimumVisualStudioVersion = 10.0.40219.1
Project("{FAE04EC0-301F-11D3-BF4B-00C04F79EFBC}") = "UsingOptionsSample", "UsingOptionsSample\UsingOptionsSample.csproj", "{A8BAEA7C-844B-430B-A0D8-3F1279CC523A}"
EndProject
Project("{FAE04EC0-301F-11D3-BF4B-00C04F79EFBC}") = "EfConfigProvider", "EfConfigProvider\EfConfigProvider.csproj", "{87EF2B69-749C-444E-981F-BF534EA78B29}"
EndProject
Global
	GlobalSection(SolutionConfigurationPlatforms) = preSolution
		Debug|Any CPU = Debug|Any CPU
		Release|Any CPU = Release|Any CPU
	EndGlobalSection
	GlobalSection(ProjectConfigurationPlatforms) = postSolution
		{A8BAEA7C-844B-430B-A0D8-3F1279CC523A}.Debug|Any CPU.ActiveCfg = Debug|Any CPU
		{A8BAEA7C-844B-430B-A0D8-3F1279CC523A}.Debug|Any CPU.Build.0 = Debug|Any CPU
		{A8BAEA7C-844B-430B-A0D8-3F1279CC523A}.Release|Any CPU.ActiveCfg = Release|Any CPU
		{A8BAEA7C-844B-430B-A0D8-3F1279CC523A}.Release|Any CPU.Build.0 = Release|Any CPU
		{87EF2B69-749C-444E-981F-BF534EA78B29}.Debug|Any CPU.ActiveCfg = Debug|Any CPU
		{87EF2B69-749C-444E-981F-BF534EA78B29}.Debug|Any CPU.Build.0 = Debug|Any CPU
		{87EF2B69-749C-444E-981F-BF534EA78B29}.Release|Any CPU.ActiveCfg = Release|Any CPU
		{87EF2B69-749C-444E-981F-BF534EA78B29}.Release|Any CPU.Build.0 = Release|Any CPU
	EndGlobalSection
	GlobalSection(SolutionProperties) = preSolution
		HideSolutionNode = FALSE
	EndGlobalSection
	GlobalSection(ExtensibilityGlobals) = postSolution
		SolutionGuid = {A6CDC4CE-1FEE-4909-934F-C02A2DCFAC94}
	EndGlobalSection
EndGlobal
